
Microsoft Visual Studio Solution File, Format Version 12.00
# Visual Studio Version 16
VisualStudioVersion = 16.0.30002.166
MinimumVisualStudioVersion = 10.0.40219.1
Project("{FAE04EC0-301F-11D3-BF4B-00C04F79EFBC}") = "HelloWorldDemo", "HelloWorldDemo\HelloWorldDemo.csproj", "{42946D4E-29C4-4D0F-97A1-029D003FBABD}"
EndProject
Global
	GlobalSection(SolutionConfigurationPlatforms) = preSolution
		Debug|Any CPU = Debug|Any CPU
		Release|Any CPU = Release|Any CPU
	EndGlobalSection
	GlobalSection(ProjectConfigurationPlatforms) = postSolution
		{42946D4E-29C4-4D0F-97A1-029D003FBABD}.Debug|Any CPU.ActiveCfg = Debug|Any CPU
		{42946D4E-29C4-4D0F-97A1-029D003FBABD}.Debug|Any CPU.Build.0 = Debug|Any CPU
		{42946D4E-29C4-4D0F-97A1-029D003FBABD}.Release|Any CPU.ActiveCfg = Release|Any CPU
		{42946D4E-29C4-4D0F-97A1-029D003FBABD}.Release|Any CPU.Build.0 = Release|Any CPU
	EndGlobalSection
	GlobalSection(SolutionProperties) = preSolution
		HideSolutionNode = FALSE
	EndGlobalSection
	GlobalSection(ExtensibilityGlobals) = postSolution
		SolutionGuid = {10190017-2174-4277-B607-2B959FB139F9}
	EndGlobalSection
EndGlobal
